
Microsoft Visual Studio Solution File, Format Version 12.00
# Visual Studio Version 17
VisualStudioVersion = 17.4.33122.133
MinimumVisualStudioVersion = 10.0.40219.1
Project("{FAE04EC0-301F-11D3-BF4B-00C04F79EFBC}") = "BlazorWebAssemblyPrometheusExample.Server", "BlazorWebAssemblyPrometheusExample\Server\BlazorWebAssemblyPrometheusExample.Server.csproj", "{78ADC670-AF97-4547-92E5-B4ACD68C71C8}"
EndProject
Project("{FAE04EC0-301F-11D3-BF4B-00C04F79EFBC}") = "BlazorWebAssemblyPrometheusExample.Client", "BlazorWebAssemblyPrometheusExample\Client\BlazorWebAssemblyPrometheusExample.Client.csproj", "{D35F2F41-4029-4CB9-9972-5E33A1FCA93F}"
EndProject
Project("{FAE04EC0-301F-11D3-BF4B-00C04F79EFBC}") = "BlazorWebAssemblyPrometheusExample.Shared", "BlazorWebAssemblyPrometheusExample\Shared\BlazorWebAssemblyPrometheusExample.Shared.csproj", "{BD9AD6E8-DDC8-45F4-A118-3C1BE9CB4632}"
EndProject
Global
	GlobalSection(SolutionConfigurationPlatforms) = preSolution
		Debug|Any CPU = Debug|Any CPU
		Release|Any CPU = Release|Any CPU
	EndGlobalSection
	GlobalSection(ProjectConfigurationPlatforms) = postSolution
		{78ADC670-AF97-4547-92E5-B4ACD68C71C8}.Debug|Any CPU.ActiveCfg = Debug|Any CPU
		{78ADC670-AF97-4547-92E5-B4ACD68C71C8}.Debug|Any CPU.Build.0 = Debug|Any CPU
		{78ADC670-AF97-4547-92E5-B4ACD68C71C8}.Release|Any CPU.ActiveCfg = Release|Any CPU
		{78ADC670-AF97-4547-92E5-B4ACD68C71C8}.Release|Any CPU.Build.0 = Release|Any CPU
		{D35F2F41-4029-4CB9-9972-5E33A1FCA93F}.Debug|Any CPU.ActiveCfg = Debug|Any CPU
		{D35F2F41-4029-4CB9-9972-5E33A1FCA93F}.Debug|Any CPU.Build.0 = Debug|Any CPU
		{D35F2F41-4029-4CB9-9972-5E33A1FCA93F}.Release|Any CPU.ActiveCfg = Release|Any CPU
		{D35F2F41-4029-4CB9-9972-5E33A1FCA93F}.Release|Any CPU.Build.0 = Release|Any CPU
		{BD9AD6E8-DDC8-45F4-A118-3C1BE9CB4632}.Debug|Any CPU.ActiveCfg = Debug|Any CPU
		{BD9AD6E8-DDC8-45F4-A118-3C1BE9CB4632}.Debug|Any CPU.Build.0 = Debug|Any CPU
		{BD9AD6E8-DDC8-45F4-A118-3C1BE9CB4632}.Release|Any CPU.ActiveCfg = Release|Any CPU
		{BD9AD6E8-DDC8-45F4-A118-3C1BE9CB4632}.Release|Any CPU.Build.0 = Release|Any CPU
	EndGlobalSection
	GlobalSection(SolutionProperties) = preSolution
		HideSolutionNode = FALSE
	EndGlobalSection
	GlobalSection(ExtensibilityGlobals) = postSolution
		SolutionGuid = {0461773F-34D4-404D-9B76-9DB0E9B121FF}
	EndGlobalSection
EndGlobal
